# This file is automatically @generated by Cargo.
# It is not intended for manual editing.
version = 3

[[package]]
name = "com-croftsoft-lib-animation"
version = "0.0.0-SNAPSHOT"
dependencies = [
 "com-croftsoft-lib-role",
]

[[package]]
name = "com-croftsoft-lib-role"
version = "0.1.4"
source = "registry+https://github.com/rust-lang/crates.io-index"
checksum = "984331ce20c370427e32edf600c3ceda10cee78395980ccbef38d8fc7d53d5a5"
